// !$*UTF8*$!
{
	archiveVersion = 1;
	classes = {
	};
	objectVersion = 55;
	objects = {

/* Begin PBXBuildFile section */
		CA48F94F28F420B000053C06 /* WelcomeView.swift in Sources */ = {isa = PBXBuildFile; fileRef = CA48F94E28F420B000053C06 /* WelcomeView.swift */; };
		CA48F95128F420F000053C06 /* Colors.xcassets in Resources */ = {isa = PBXBuildFile; fileRef = CA48F95028F420F000053C06 /* Colors.xcassets */; };
		CA48F95328F4210600053C06 /* Images.xcassets in Resources */ = {isa = PBXBuildFile; fileRef = CA48F95228F4210600053C06 /* Images.xcassets */; };
		CAE7C33A28F41D9B00284CA6 /* SnackOverflowApp.swift in Sources */ = {isa = PBXBuildFile; fileRef = CAE7C32A28F41D9A00284CA6 /* SnackOverflowApp.swift */; };
		CAE7C33B28F41D9B00284CA6 /* SnackOverflowApp.swift in Sources */ = {isa = PBXBuildFile; fileRef = CAE7C32A28F41D9A00284CA6 /* SnackOverflowApp.swift */; };
		CAE7C33C28F41D9B00284CA6 /* ContentView.swift in Sources */ = {isa = PBXBuildFile; fileRef = CAE7C32B28F41D9A00284CA6 /* ContentView.swift */; };
		CAE7C33D28F41D9B00284CA6 /* ContentView.swift in Sources */ = {isa = PBXBuildFile; fileRef = CAE7C32B28F41D9A00284CA6 /* ContentView.swift */; };
		CAE7C33E28F41D9B00284CA6 /* Assets.xcassets in Resources */ = {isa = PBXBuildFile; fileRef = CAE7C32C28F41D9B00284CA6 /* Assets.xcassets */; };
		CAE7C33F28F41D9B00284CA6 /* Assets.xcassets in Resources */ = {isa = PBXBuildFile; fileRef = CAE7C32C28F41D9B00284CA6 /* Assets.xcassets */; };
/* End PBXBuildFile section */

/* Begin PBXFileReference section */
		CA48F94E28F420B000053C06 /* WelcomeView.swift */ = {isa = PBXFileReference; lastKnownFileType = sourcecode.swift; path = WelcomeView.swift; sourceTree = "<group>"; };
		CA48F95028F420F000053C06 /* Colors.xcassets */ = {isa = PBXFileReference; lastKnownFileType = folder.assetcatalog; path = Colors.xcassets; sourceTree = "<group>"; };
		CA48F95228F4210600053C06 /* Images.xcassets */ = {isa = PBXFileReference; lastKnownFileType = folder.assetcatalog; path = Images.xcassets; sourceTree = "<group>"; };
		CAE7C32A28F41D9A00284CA6 /* SnackOverflowApp.swift */ = {isa = PBXFileReference; lastKnownFileType = sourcecode.swift; path = SnackOverflowApp.swift; sourceTree = "<group>"; };
		CAE7C32B28F41D9A00284CA6 /* ContentView.swift */ = {isa = PBXFileReference; lastKnownFileType = sourcecode.swift; path = ContentView.swift; sourceTree = "<group>"; };
		CAE7C32C28F41D9B00284CA6 /* Assets.xcassets */ = {isa = PBXFileReference; lastKnownFileType = folder.assetcatalog; path = Assets.xcassets; sourceTree = "<group>"; };
		CAE7C33128F41D9B00284CA6 /* SnackOverflow.app */ = {isa = PBXFileReference; explicitFileType = wrapper.application; includeInIndex = 0; path = SnackOverflow.app; sourceTree = BUILT_PRODUCTS_DIR; };
		CAE7C33728F41D9B00284CA6 /* SnackOverflow.app */ = {isa = PBXFileReference; explicitFileType = wrapper.application; includeInIndex = 0; path = SnackOverflow.app; sourceTree = BUILT_PRODUCTS_DIR; };
/* End PBXFileReference section */

/* Begin PBXFrameworksBuildPhase section */
		CAE7C32E28F41D9B00284CA6 /* Frameworks */ = {
			isa = PBXFrameworksBuildPhase;
			buildActionMask = 2147483647;
			files = (
			);
			runOnlyForDeploymentPostprocessing = 0;
		};
		CAE7C33428F41D9B00284CA6 /* Frameworks */ = {
			isa = PBXFrameworksBuildPhase;
			buildActionMask = 2147483647;
			files = (
			);
			runOnlyForDeploymentPostprocessing = 0;
		};
/* End PBXFrameworksBuildPhase section */

/* Begin PBXGroup section */
		CA48F94928F4203B00053C06 /* Utils */ = {
			isa = PBXGroup;
			children = (
			);
			path = Utils;
			sourceTree = "<group>";
		};
		CA48F94A28F4204A00053C06 /* Feature */ = {
			isa = PBXGroup;
			children = (
				CA48F94C28F4206200053C06 /* Auth */,
			);
			path = Feature;
			sourceTree = "<group>";
		};
		CA48F94B28F4204E00053C06 /* Resources */ = {
			isa = PBXGroup;
			children = (
				CAE7C32C28F41D9B00284CA6 /* Assets.xcassets */,
				CA48F95028F420F000053C06 /* Colors.xcassets */,
				CA48F95228F4210600053C06 /* Images.xcassets */,
			);
			path = Resources;
			sourceTree = "<group>";
		};
		CA48F94C28F4206200053C06 /* Auth */ = {
			isa = PBXGroup;
			children = (
				CA48F94D28F420A600053C06 /* Welcome */,
			);
			path = Auth;
			sourceTree = "<group>";
		};
		CA48F94D28F420A600053C06 /* Welcome */ = {
			isa = PBXGroup;
			children = (
				CA48F94E28F420B000053C06 /* WelcomeView.swift */,
			);
			path = Welcome;
			sourceTree = "<group>";
		};
		CAE7C32428F41D9A00284CA6 = {
			isa = PBXGroup;
			children = (
				CA48F94B28F4204E00053C06 /* Resources */,
				CA48F94A28F4204A00053C06 /* Feature */,
				CA48F94928F4203B00053C06 /* Utils */,
				CAE7C32A28F41D9A00284CA6 /* SnackOverflowApp.swift */,
				CAE7C32B28F41D9A00284CA6 /* ContentView.swift */,
				CAE7C33228F41D9B00284CA6 /* Products */,
			);
			sourceTree = "<group>";
		};
		CAE7C33228F41D9B00284CA6 /* Products */ = {
			isa = PBXGroup;
			children = (
				CAE7C33128F41D9B00284CA6 /* SnackOverflow.app */,
				CAE7C33728F41D9B00284CA6 /* SnackOverflow.app */,
			);
			name = Products;
			sourceTree = "<group>";
		};
/* End PBXGroup section */

/* Begin PBXNativeTarget section */
		CAE7C33028F41D9B00284CA6 /* SnackOverflow (iOS) */ = {
			isa = PBXNativeTarget;
			buildConfigurationList = CAE7C34228F41D9B00284CA6 /* Build configuration list for PBXNativeTarget "SnackOverflow (iOS)" */;
			buildPhases = (
				CAE7C32D28F41D9B00284CA6 /* Sources */,
				CAE7C32E28F41D9B00284CA6 /* Frameworks */,
				CAE7C32F28F41D9B00284CA6 /* Resources */,
			);
			buildRules = (
			);
			dependencies = (
			);
			name = "SnackOverflow (iOS)";
			productName = "SnackOverflow (iOS)";
			productReference = CAE7C33128F41D9B00284CA6 /* SnackOverflow.app */;
			productType = "com.apple.product-type.application";
		};
		CAE7C33628F41D9B00284CA6 /* SnackOverflow (macOS) */ = {
			isa = PBXNativeTarget;
			buildConfigurationList = CAE7C34528F41D9B00284CA6 /* Build configuration list for PBXNativeTarget "SnackOverflow (macOS)" */;
			buildPhases = (
				CAE7C33328F41D9B00284CA6 /* Sources */,
				CAE7C33428F41D9B00284CA6 /* Frameworks */,
				CAE7C33528F41D9B00284CA6 /* Resources */,
			);
			buildRules = (
			);
			dependencies = (
			);
			name = "SnackOverflow (macOS)";
			productName = "SnackOverflow (macOS)";
			productReference = CAE7C33728F41D9B00284CA6 /* SnackOverflow.app */;
			productType = "com.apple.product-type.application";
		};
/* End PBXNativeTarget section */

/* Begin PBXProject section */
		CAE7C32528F41D9A00284CA6 /* Project object */ = {
			isa = PBXProject;
			attributes = {
				BuildIndependentTargetsInParallel = 1;
				LastSwiftUpdateCheck = 1340;
				LastUpgradeCheck = 1340;
				TargetAttributes = {
					CAE7C33028F41D9B00284CA6 = {
						CreatedOnToolsVersion = 13.4.1;
					};
					CAE7C33628F41D9B00284CA6 = {
						CreatedOnToolsVersion = 13.4.1;
					};
				};
			};
			buildConfigurationList = CAE7C32828F41D9A00284CA6 /* Build configuration list for PBXProject "SnackOverflow" */;
			compatibilityVersion = "Xcode 13.0";
			developmentRegion = en;
			hasScannedForEncodings = 0;
			knownRegions = (
				en,
				Base,
			);
			mainGroup = CAE7C32428F41D9A00284CA6;
			productRefGroup = CAE7C33228F41D9B00284CA6 /* Products */;
			projectDirPath = "";
			projectRoot = "";
			targets = (
				CAE7C33028F41D9B00284CA6 /* SnackOverflow (iOS) */,
				CAE7C33628F41D9B00284CA6 /* SnackOverflow (macOS) */,
			);
		};
/* End PBXProject section */

/* Begin PBXResourcesBuildPhase section */
		CAE7C32F28F41D9B00284CA6 /* Resources */ = {
			isa = PBXResourcesBuildPhase;
			buildActionMask = 2147483647;
			files = (
				CA48F95328F4210600053C06 /* Images.xcassets in Resources */,
				CAE7C33E28F41D9B00284CA6 /* Assets.xcassets in Resources */,
				CA48F95128F420F000053C06 /* Colors.xcassets in Resources */,
			);
			runOnlyForDeploymentPostprocessing = 0;
		};
		CAE7C33528F41D9B00284CA6 /* Resources */ = {
			isa = PBXResourcesBuildPhase;
			buildActionMask = 2147483647;
			files = (
				CAE7C33F28F41D9B00284CA6 /* Assets.xcassets in Resources */,
			);
			runOnlyForDeploymentPostprocessing = 0;
		};
/* End PBXResourcesBuildPhase section */

/* Begin PBXSourcesBuildPhase section */
		CAE7C32D28F41D9B00284CA6 /* Sources */ = {
			isa = PBXSourcesBuildPhase;
			buildActionMask = 2147483647;
			files = (
				CAE7C33C28F41D9B00284CA6 /* ContentView.swift in Sources */,
				CA48F94F28F420B000053C06 /* WelcomeView.swift in Sources */,
				CAE7C33A28F41D9B00284CA6 /* SnackOverflowApp.swift in Sources */,
			);
			runOnlyForDeploymentPostprocessing = 0;
		};
		CAE7C33328F41D9B00284CA6 /* Sources */ = {
			isa = PBXSourcesBuildPhase;
			buildActionMask = 2147483647;
			files = (
				CAE7C33D28F41D9B00284CA6 /* ContentView.swift in Sources */,
				CAE7C33B28F41D9B00284CA6 /* SnackOverflowApp.swift in Sources */,
			);
			runOnlyForDeploymentPostprocessing = 0;
		};
/* End PBXSourcesBuildPhase section */

/* Begin XCBuildConfiguration section */
		CAE7C34028F41D9B00284CA6 /* Debug */ = {
			isa = XCBuildConfiguration;
			buildSettings = {
				ALWAYS_SEARCH_USER_PATHS = NO;
				CLANG_ANALYZER_NONNULL = YES;
				CLANG_ANALYZER_NUMBER_OBJECT_CONVERSION = YES_AGGRESSIVE;
				CLANG_CXX_LANGUAGE_STANDARD = "gnu++17";
				CLANG_ENABLE_MODULES = YES;
				CLANG_ENABLE_OBJC_ARC = YES;
				CLANG_ENABLE_OBJC_WEAK = YES;
				CLANG_WARN_BLOCK_CAPTURE_AUTORELEASING = YES;
				CLANG_WARN_BOOL_CONVERSION = YES;
				CLANG_WARN_COMMA = YES;
				CLANG_WARN_CONSTANT_CONVERSION = YES;
				CLANG_WARN_DEPRECATED_OBJC_IMPLEMENTATIONS = YES;
				CLANG_WARN_DIRECT_OBJC_ISA_USAGE = YES_ERROR;
				CLANG_WARN_DOCUMENTATION_COMMENTS = YES;
				CLANG_WARN_EMPTY_BODY = YES;
				CLANG_WARN_ENUM_CONVERSION = YES;
				CLANG_WARN_INFINITE_RECURSION = YES;
				CLANG_WARN_INT_CONVERSION = YES;
				CLANG_WARN_NON_LITERAL_NULL_CONVERSION = YES;
				CLANG_WARN_OBJC_IMPLICIT_RETAIN_SELF = YES;
				CLANG_WARN_OBJC_LITERAL_CONVERSION = YES;
				CLANG_WARN_OBJC_ROOT_CLASS = YES_ERROR;
				CLANG_WARN_QUOTED_INCLUDE_IN_FRAMEWORK_HEADER = YES;
				CLANG_WARN_RANGE_LOOP_ANALYSIS = YES;
				CLANG_WARN_STRICT_PROTOTYPES = YES;
				CLANG_WARN_SUSPICIOUS_MOVE = YES;
				CLANG_WARN_UNGUARDED_AVAILABILITY = YES_AGGRESSIVE;
				CLANG_WARN_UNREACHABLE_CODE = YES;
				CLANG_WARN__DUPLICATE_METHOD_MATCH = YES;
				COPY_PHASE_STRIP = NO;
				DEBUG_INFORMATION_FORMAT = dwarf;
				ENABLE_STRICT_OBJC_MSGSEND = YES;
				ENABLE_TESTABILITY = YES;
				GCC_C_LANGUAGE_STANDARD = gnu11;
				GCC_DYNAMIC_NO_PIC = NO;
				GCC_NO_COMMON_BLOCKS = YES;
				GCC_OPTIMIZATION_LEVEL = 0;
				GCC_PREPROCESSOR_DEFINITIONS = (
					"DEBUG=1",
					"$(inherited)",
				);
				GCC_WARN_64_TO_32_BIT_CONVERSION = YES;
				GCC_WARN_ABOUT_RETURN_TYPE = YES_ERROR;
				GCC_WARN_UNDECLARED_SELECTOR = YES;
				GCC_WARN_UNINITIALIZED_AUTOS = YES_AGGRESSIVE;
				GCC_WARN_UNUSED_FUNCTION = YES;
				GCC_WARN_UNUSED_VARIABLE = YES;
				MTL_ENABLE_DEBUG_INFO = INCLUDE_SOURCE;
				MTL_FAST_MATH = YES;
				ONLY_ACTIVE_ARCH = YES;
				SWIFT_ACTIVE_COMPILATION_CONDITIONS = DEBUG;
				SWIFT_OPTIMIZATION_LEVEL = "-Onone";
			};
			name = Debug;
		};
		CAE7C34128F41D9B00284CA6 /* Release */ = {
			isa = XCBuildConfiguration;
			buildSettings = {
				ALWAYS_SEARCH_USER_PATHS = NO;
				CLANG_ANALYZER_NONNULL = YES;
				CLANG_ANALYZER_NUMBER_OBJECT_CONVERSION = YES_AGGRESSIVE;
				CLANG_CXX_LANGUAGE_STANDARD = "gnu++17";
				CLANG_ENABLE_MODULES = YES;
				CLANG_ENABLE_OBJC_ARC = YES;
				CLANG_ENABLE_OBJC_WEAK = YES;
				CLANG_WARN_BLOCK_CAPTURE_AUTORELEASING = YES;
				CLANG_WARN_BOOL_CONVERSION = YES;
				CLANG_WARN_COMMA = YES;
				CLANG_WARN_CONSTANT_CONVERSION = YES;
				CLANG_WARN_DEPRECATED_OBJC_IMPLEMENTATIONS = YES;
				CLANG_WARN_DIRECT_OBJC_ISA_USAGE = YES_ERROR;
				CLANG_WARN_DOCUMENTATION_COMMENTS = YES;
				CLANG_WARN_EMPTY_BODY = YES;
				CLANG_WARN_ENUM_CONVERSION = YES;
				CLANG_WARN_INFINITE_RECURSION = YES;
				CLANG_WARN_INT_CONVERSION = YES;
				CLANG_WARN_NON_LITERAL_NULL_CONVERSION = YES;
				CLANG_WARN_OBJC_IMPLICIT_RETAIN_SELF = YES;
				CLANG_WARN_OBJC_LITERAL_CONVERSION = YES;
				CLANG_WARN_OBJC_ROOT_CLASS = YES_ERROR;
				CLANG_WARN_QUOTED_INCLUDE_IN_FRAMEWORK_HEADER = YES;
				CLANG_WARN_RANGE_LOOP_ANALYSIS = YES;
				CLANG_WARN_STRICT_PROTOTYPES = YES;
				CLANG_WARN_SUSPICIOUS_MOVE = YES;
				CLANG_WARN_UNGUARDED_AVAILABILITY = YES_AGGRESSIVE;
				CLANG_WARN_UNREACHABLE_CODE = YES;
				CLANG_WARN__DUPLICATE_METHOD_MATCH = YES;
				COPY_PHASE_STRIP = NO;
				DEBUG_INFORMATION_FORMAT = "dwarf-with-dsym";
				ENABLE_NS_ASSERTIONS = NO;
				ENABLE_STRICT_OBJC_MSGSEND = YES;
				GCC_C_LANGUAGE_STANDARD = gnu11;
				GCC_NO_COMMON_BLOCKS = YES;
				GCC_WARN_64_TO_32_BIT_CONVERSION = YES;
				GCC_WARN_ABOUT_RETURN_TYPE = YES_ERROR;
				GCC_WARN_UNDECLARED_SELECTOR = YES;
				GCC_WARN_UNINITIALIZED_AUTOS = YES_AGGRESSIVE;
				GCC_WARN_UNUSED_FUNCTION = YES;
				GCC_WARN_UNUSED_VARIABLE = YES;
				MTL_ENABLE_DEBUG_INFO = NO;
				MTL_FAST_MATH = YES;
				SWIFT_COMPILATION_MODE = wholemodule;
				SWIFT_OPTIMIZATION_LEVEL = "-O";
			};
			name = Release;
		};
		CAE7C34328F41D9B00284CA6 /* Debug */ = {
			isa = XCBuildConfiguration;
			buildSettings = {
				ASSETCATALOG_COMPILER_APPICON_NAME = AppIcon;
				ASSETCATALOG_COMPILER_GLOBAL_ACCENT_COLOR_NAME = AccentColor;
				CODE_SIGN_STYLE = Automatic;
				CURRENT_PROJECT_VERSION = 1;
				DEVELOPMENT_TEAM = 35GDF55MYT;
				ENABLE_PREVIEWS = YES;
				GENERATE_INFOPLIST_FILE = YES;
				INFOPLIST_KEY_UIApplicationSceneManifest_Generation = YES;
				INFOPLIST_KEY_UIApplicationSupportsIndirectInputEvents = YES;
				INFOPLIST_KEY_UILaunchScreen_Generation = YES;
				INFOPLIST_KEY_UISupportedInterfaceOrientations_iPad = "UIInterfaceOrientationPortrait UIInterfaceOrientationPortraitUpsideDown UIInterfaceOrientationLandscapeLeft UIInterfaceOrientationLandscapeRight";
				INFOPLIST_KEY_UISupportedInterfaceOrientations_iPhone = "UIInterfaceOrientationPortrait UIInterfaceOrientationLandscapeLeft UIInterfaceOrientationLandscapeRight";
				IPHONEOS_DEPLOYMENT_TARGET = 15.5;
				LD_RUNPATH_SEARCH_PATHS = (
					"$(inherited)",
					"@executable_path/Frameworks",
				);
				MARKETING_VERSION = 1.0;
				PRODUCT_BUNDLE_IDENTIFIER = com.alirizareisoglu.SnackOverflow;
				PRODUCT_NAME = SnackOverflow;
				SDKROOT = iphoneos;
				SWIFT_EMIT_LOC_STRINGS = YES;
				SWIFT_VERSION = 5.0;
				TARGETED_DEVICE_FAMILY = "1,2";
			};
			name = Debug;
		};
		CAE7C34428F41D9B00284CA6 /* Release */ = {
			isa = XCBuildConfiguration;
			buildSettings = {
				ASSETCATALOG_COMPILER_APPICON_NAME = AppIcon;
				ASSETCATALOG_COMPILER_GLOBAL_ACCENT_COLOR_NAME = AccentColor;
				CODE_SIGN_STYLE = Automatic;
				CURRENT_PROJECT_VERSION = 1;
				DEVELOPMENT_TEAM = 35GDF55MYT;
				ENABLE_PREVIEWS = YES;
				GENERATE_INFOPLIST_FILE = YES;
				INFOPLIST_KEY_UIApplicationSceneManifest_Generation = YES;
				INFOPLIST_KEY_UIApplicationSupportsIndirectInputEvents = YES;
				INFOPLIST_KEY_UILaunchScreen_Generation = YES;
				INFOPLIST_KEY_UISupportedInterfaceOrientations_iPad = "UIInterfaceOrientationPortrait UIInterfaceOrientationPortraitUpsideDown UIInterfaceOrientationLandscapeLeft UIInterfaceOrientationLandscapeRight";
				INFOPLIST_KEY_UISupportedInterfaceOrientations_iPhone = "UIInterfaceOrientationPortrait UIInterfaceOrientationLandscapeLeft UIInterfaceOrientationLandscapeRight";
				IPHONEOS_DEPLOYMENT_TARGET = 15.5;
				LD_RUNPATH_SEARCH_PATHS = (
					"$(inherited)",
					"@executable_path/Frameworks",
				);
				MARKETING_VERSION = 1.0;
				PRODUCT_BUNDLE_IDENTIFIER = com.alirizareisoglu.SnackOverflow;
				PRODUCT_NAME = SnackOverflow;
				SDKROOT = iphoneos;
				SWIFT_EMIT_LOC_STRINGS = YES;
				SWIFT_VERSION = 5.0;
				TARGETED_DEVICE_FAMILY = "1,2";
				VALIDATE_PRODUCT = YES;
			};
			name = Release;
		};
		CAE7C34628F41D9B00284CA6 /* Debug */ = {
			isa = XCBuildConfiguration;
			buildSettings = {
				ASSETCATALOG_COMPILER_APPICON_NAME = AppIcon;
				ASSETCATALOG_COMPILER_GLOBAL_ACCENT_COLOR_NAME = AccentColor;
				CODE_SIGN_ENTITLEMENTS = macOS/macOS.entitlements;
				CODE_SIGN_STYLE = Automatic;
				COMBINE_HIDPI_IMAGES = YES;
				CURRENT_PROJECT_VERSION = 1;
				DEVELOPMENT_TEAM = 35GDF55MYT;
				ENABLE_HARDENED_RUNTIME = YES;
				ENABLE_PREVIEWS = YES;
				GENERATE_INFOPLIST_FILE = YES;
				INFOPLIST_KEY_NSHumanReadableCopyright = "";
				LD_RUNPATH_SEARCH_PATHS = (
					"$(inherited)",
					"@executable_path/../Frameworks",
				);
				MACOSX_DEPLOYMENT_TARGET = 12.3;
				MARKETING_VERSION = 1.0;
				PRODUCT_BUNDLE_IDENTIFIER = com.alirizareisoglu.SnackOverflow;
				PRODUCT_NAME = SnackOverflow;
				SDKROOT = macosx;
				SWIFT_EMIT_LOC_STRINGS = YES;
				SWIFT_VERSION = 5.0;
			};
			name = Debug;
		};
		CAE7C34728F41D9B00284CA6 /* Release */ = {
			isa = XCBuildConfiguration;
			buildSettings = {
				ASSETCATALOG_COMPILER_APPICON_NAME = AppIcon;
				ASSETCATALOG_COMPILER_GLOBAL_ACCENT_COLOR_NAME = AccentColor;
				CODE_SIGN_ENTITLEMENTS = macOS/macOS.entitlements;
				CODE_SIGN_STYLE = Automatic;
				COMBINE_HIDPI_IMAGES = YES;
				CURRENT_PROJECT_VERSION = 1;
				DEVELOPMENT_TEAM = 35GDF55MYT;
				ENABLE_HARDENED_RUNTIME = YES;
				ENABLE_PREVIEWS = YES;
				GENERATE_INFOPLIST_FILE = YES;
				INFOPLIST_KEY_NSHumanReadableCopyright = "";
				LD_RUNPATH_SEARCH_PATHS = (
					"$(inherited)",
					"@executable_path/../Frameworks",
				);
				MACOSX_DEPLOYMENT_TARGET = 12.3;
				MARKETING_VERSION = 1.0;
				PRODUCT_BUNDLE_IDENTIFIER = com.alirizareisoglu.SnackOverflow;
				PRODUCT_NAME = SnackOverflow;
				SDKROOT = macosx;
				SWIFT_EMIT_LOC_STRINGS = YES;
				SWIFT_VERSION = 5.0;
			};
			name = Release;
		};
/* End XCBuildConfiguration section */

/* Begin XCConfigurationList section */
		CAE7C32828F41D9A00284CA6 /* Build configuration list for PBXProject "SnackOverflow" */ = {
			isa = XCConfigurationList;
			buildConfigurations = (
				CAE7C34028F41D9B00284CA6 /* Debug */,
				CAE7C34128F41D9B00284CA6 /* Release */,
			);
			defaultConfigurationIsVisible = 0;
			defaultConfigurationName = Release;
		};
		CAE7C34228F41D9B00284CA6 /* Build configuration list for PBXNativeTarget "SnackOverflow (iOS)" */ = {
			isa = XCConfigurationList;
			buildConfigurations = (
				CAE7C34328F41D9B00284CA6 /* Debug */,
				CAE7C34428F41D9B00284CA6 /* Release */,
			);
			defaultConfigurationIsVisible = 0;
			defaultConfigurationName = Release;
		};
		CAE7C34528F41D9B00284CA6 /* Build configuration list for PBXNativeTarget "SnackOverflow (macOS)" */ = {
			isa = XCConfigurationList;
			buildConfigurations = (
				CAE7C34628F41D9B00284CA6 /* Debug */,
				CAE7C34728F41D9B00284CA6 /* Release */,
			);
			defaultConfigurationIsVisible = 0;
			defaultConfigurationName = Release;
		};
/* End XCConfigurationList section */
	};
	rootObject = CAE7C32528F41D9A00284CA6 /* Project object */;
}
